{
  "name": "sprites-pack-tool",
  "version": "1.0.0",
  "lockfileVersion": 2,
  "requires": true,
  "packages": {
    "": {
      "name": "sprites-pack-tool",
      "version": "1.0.0",
      "license": "ISC",
      "dependencies": {
        "images": "^3.2.3"
      }
    },
    "node_modules/images": {
      "version": "3.2.3",
      "resolved": "https://registry.npmjs.org/images/-/images-3.2.3.tgz",
      "integrity": "sha512-Ga7WPuo1krAdgE+pH641Q2NeAetJsNoU4wjC9DKGpSptWJ/Ljle6m2oA0XdO2c5ujy1Ups8UoH28ejR74m/vqQ==",
      "hasInstallScript": true
    }
  },
  "dependencies": {
    "images": {
      "version": "3.2.3",
      "resolved": "https://registry.npmjs.org/images/-/images-3.2.3.tgz",
      "integrity": "sha512-Ga7WPuo1krAdgE+pH641Q2NeAetJsNoU4wjC9DKGpSptWJ/Ljle6m2oA0XdO2c5ujy1Ups8UoH28ejR74m/vqQ=="
    }
  }
}
